{
  "version": "3",
  "packages": {
    "specifiers": {
      "npm:oxide.ts@1.1.0": "npm:oxide.ts@1.1.0",
      "npm:zod@3.22.2": "npm:zod@3.22.2"
    },
    "npm": {
      "oxide.ts@1.1.0": {
        "integrity": "sha512-+MkqFRQVHEe/x4/cJ6KuYz2m2VpnoBi7aKLbttGYTxmpNZalQ2RbKH2HxyfsTqXJhjh9DYxulPWfQV/hWMmzCg==",
        "dependencies": {}
      },
      "zod@3.22.2": {
        "integrity": "sha512-wvWkphh5WQsJbVk1tbx1l1Ly4yg+XecD+Mq280uBGt9wa5BKSWf4Mhp6GmrkPixhMxmabYY7RbzlwVP32pbGCg==",
        "dependencies": {}
      }
    }
  },
  "remote": {
    "https://esm.sh/@paralleldrive/cuid2@2.2.2": "bf9f114b798f5984be0831330b4a4b91959071001c3f26bc3c0f050d2ecfb0c7",
    "https://esm.sh/lodash-es@4.17.21": "de1306e13b0b2562c2bb522b16031bc89443a4063435cd6ad4bf901cb6437a1a",
    "https://esm.sh/v130/@noble/hashes@1.3.1/denonext/_assert.js": "d22dfffef44f75a84f61b9cedac204d6d39d6ccb14fc489e81bb9ab68de5f1c7",
    "https://esm.sh/v130/@noble/hashes@1.3.1/denonext/crypto.js": "e5093e778286b86d71d5ebafa091b754ed5e1320e74dcd5f5b47088b8269eb2b",
    "https://esm.sh/v130/@noble/hashes@1.3.1/denonext/sha3.js": "1e36a7667723a485763c3d1d37301899cc3c770f888e8b30545c8279df1dcd58",
    "https://esm.sh/v130/@noble/hashes@1.3.1/denonext/utils.js": "73a8798f9f966ea13f25d76fd606649138b0150fec6943a077bb95bc32471ab3",
    "https://esm.sh/v130/@paralleldrive/cuid2@2.2.2/denonext/cuid2.mjs": "07ea615a7fa006c74e33955506d559a36ab972e0274574d991acc29ad6bac3a8",
    "https://esm.sh/v131/lodash-es@4.17.21/deno/lodash-es.mjs": "1003c417236e31cfdec344679c1658b1ed2c2a388d5520eb7a97b29166164ecd"
  }
}
