{
  "version": "3",
  "packages": {
    "specifiers": {
      "npm:@types/node": "npm:@types/node@18.11.18",
      "npm:fastify@4.23.2": "npm:fastify@4.23.2",
      "npm:http-status-codes@2.3.0": "npm:http-status-codes@2.3.0",
      "npm:oxide.ts@1.1.0": "npm:oxide.ts@1.1.0",
      "npm:zod@3.22.2": "npm:zod@3.22.2"
    },
    "npm": {
      "@fastify/ajv-compiler@3.5.0_ajv@8.12.0": {
        "integrity": "sha512-ebbEtlI7dxXF5ziNdr05mOY8NnDiPB1XvAlLHctRt/Rc+C3LCOVW5imUVX+mhvUhnNzmPBHewUkOFgGlCxgdAA==",
        "dependencies": {
          "ajv": "ajv@8.12.0",
          "ajv-formats": "ajv-formats@2.1.1_ajv@8.12.0",
          "fast-uri": "fast-uri@2.2.0"
        }
      },
      "@fastify/deepmerge@1.3.0": {
        "integrity": "sha512-J8TOSBq3SoZbDhM9+R/u77hP93gz/rajSA+K2kGyijPpORPWUXHUpTaleoj+92As0S9uPRP7Oi8IqMf0u+ro6A==",
        "dependencies": {}
      },
      "@fastify/error@3.3.0": {
        "integrity": "sha512-dj7vjIn1Ar8sVXj2yAXiMNCJDmS9MQ9XMlIecX2dIzzhjSHCyKo4DdXjXMs7wKW2kj6yvVRSpuQjOZ3YLrh56w==",
        "dependencies": {}
      },
      "@fastify/fast-json-stringify-compiler@4.3.0": {
        "integrity": "sha512-aZAXGYo6m22Fk1zZzEUKBvut/CIIQe/BapEORnxiD5Qr0kPHqqI69NtEMCme74h+at72sPhbkb4ZrLd1W3KRLA==",
        "dependencies": {
          "fast-json-stringify": "fast-json-stringify@5.8.0_ajv@8.12.0"
        }
      },
      "@types/node@18.11.18": {
        "integrity": "sha512-DHQpWGjyQKSHj3ebjFI/wRKcqQcdR+MoFBygntYOZytCqNfkd2ZC4ARDJ2DQqhjH5p85Nnd3jhUJIXrszFX/JA==",
        "dependencies": {}
      },
      "abort-controller@3.0.0": {
        "integrity": "sha512-h8lQ8tacZYnR3vNQTgibj+tODHI5/+l06Au2Pcriv/Gmet0eaj4TwWH41sO9wnHDiQsEj19q0drzdWdeAHtweg==",
        "dependencies": {
          "event-target-shim": "event-target-shim@5.0.1"
        }
      },
      "abstract-logging@2.0.1": {
        "integrity": "sha512-2BjRTZxTPvheOvGbBslFSYOUkr+SjPtOnrLP33f+VIWLzezQpZcqVg7ja3L4dBXmzzgwT+a029jRx5PCi3JuiA==",
        "dependencies": {}
      },
      "ajv-formats@2.1.1_ajv@8.12.0": {
        "integrity": "sha512-Wx0Kx52hxE7C18hkMEggYlEifqWZtYaRgouJor+WMdPnQyEK13vgEWyVNup7SoeeoLMsr4kf5h6dOW11I15MUA==",
        "dependencies": {
          "ajv": "ajv@8.12.0"
        }
      },
      "ajv@8.12.0": {
        "integrity": "sha512-sRu1kpcO9yLtYxBKvqfTeh9KzZEwO3STyX1HT+4CaDzC6HpTGYhIhPIzj9XuKU7KYDwnaeh5hcOwjy1QuJzBPA==",
        "dependencies": {
          "fast-deep-equal": "fast-deep-equal@3.1.3",
          "json-schema-traverse": "json-schema-traverse@1.0.0",
          "require-from-string": "require-from-string@2.0.2",
          "uri-js": "uri-js@4.4.1"
        }
      },
      "archy@1.0.0": {
        "integrity": "sha512-Xg+9RwCg/0p32teKdGMPTPnVXKD0w3DfHnFTficozsAgsvq2XenPJq/MYpzzQ/v8zrOyJn6Ds39VA4JIDwFfqw==",
        "dependencies": {}
      },
      "atomic-sleep@1.0.0": {
        "integrity": "sha512-kNOjDqAh7px0XWNI+4QbzoiR/nTkHAWNud2uvnJquD1/x5a7EQZMJT0AczqK0Qn67oY/TTQ1LbUKajZpp3I9tQ==",
        "dependencies": {}
      },
      "avvio@8.2.1": {
        "integrity": "sha512-TAlMYvOuwGyLK3PfBb5WKBXZmXz2fVCgv23d6zZFdle/q3gPjmxBaeuC0pY0Dzs5PWMSgfqqEZkrye19GlDTgw==",
        "dependencies": {
          "archy": "archy@1.0.0",
          "debug": "debug@4.3.4",
          "fastq": "fastq@1.15.0"
        }
      },
      "base64-js@1.5.1": {
        "integrity": "sha512-AKpaYlHn8t4SVbOHCy+b5+KKgvR4vrsD8vbvrbiQJps7fKDTkjkDry6ji0rUJjC0kzbNePLwzxq8iypo41qeWA==",
        "dependencies": {}
      },
      "buffer@6.0.3": {
        "integrity": "sha512-FTiCpNxtwiZZHEZbcbTIcZjERVICn9yq/pDFkTl95/AxzD1naBctN7YO68riM/gLSDY7sdrMby8hofADYuuqOA==",
        "dependencies": {
          "base64-js": "base64-js@1.5.1",
          "ieee754": "ieee754@1.2.1"
        }
      },
      "cookie@0.5.0": {
        "integrity": "sha512-YZ3GUyn/o8gfKJlnlX7g7xq4gyO6OSuhGPKaaGssGB2qgDUS0gPgtTvoyZLTt9Ab6dC4hfc9dV5arkvc/OCmrw==",
        "dependencies": {}
      },
      "debug@4.3.4": {
        "integrity": "sha512-PRWFHuSU3eDtQJPvnNY7Jcket1j0t5OuOsFzPPzsekD52Zl8qUfFIPEiswXqIvHWGVHOgX+7G/vCNNhehwxfkQ==",
        "dependencies": {
          "ms": "ms@2.1.2"
        }
      },
      "event-target-shim@5.0.1": {
        "integrity": "sha512-i/2XbnSz/uxRCU6+NdVJgKWDTM427+MqYbkQzD321DuCQJUqOuJKIA0IM2+W2xtYHdKOmZ4dR6fExsd4SXL+WQ==",
        "dependencies": {}
      },
      "events@3.3.0": {
        "integrity": "sha512-mQw+2fkQbALzQ7V0MY0IqdnXNOeTtP4r0lN9z7AAawCXgqea7bDii20AYrIBrFd/Hx0M2Ocz6S111CaFkUcb0Q==",
        "dependencies": {}
      },
      "fast-content-type-parse@1.1.0": {
        "integrity": "sha512-fBHHqSTFLVnR61C+gltJuE5GkVQMV0S2nqUO8TJ+5Z3qAKG8vAx4FKai1s5jq/inV1+sREynIWSuQ6HgoSXpDQ==",
        "dependencies": {}
      },
      "fast-decode-uri-component@1.0.1": {
        "integrity": "sha512-WKgKWg5eUxvRZGwW8FvfbaH7AXSh2cL+3j5fMGzUMCxWBJ3dV3a7Wz8y2f/uQ0e3B6WmodD3oS54jTQ9HVTIIg==",
        "dependencies": {}
      },
      "fast-deep-equal@3.1.3": {
        "integrity": "sha512-f3qQ9oQy9j2AhBe/H9VC91wLmKBCCU/gDOnKNAYG5hswO7BLKj09Hc5HYNz9cGI++xlpDCIgDaitVs03ATR84Q==",
        "dependencies": {}
      },
      "fast-json-stringify@5.8.0_ajv@8.12.0": {
        "integrity": "sha512-VVwK8CFMSALIvt14U8AvrSzQAwN/0vaVRiFFUVlpnXSnDGrSkOAO5MtzyN8oQNjLd5AqTW5OZRgyjoNuAuR3jQ==",
        "dependencies": {
          "@fastify/deepmerge": "@fastify/deepmerge@1.3.0",
          "ajv": "ajv@8.12.0",
          "ajv-formats": "ajv-formats@2.1.1_ajv@8.12.0",
          "fast-deep-equal": "fast-deep-equal@3.1.3",
          "fast-uri": "fast-uri@2.2.0",
          "rfdc": "rfdc@1.3.0"
        }
      },
      "fast-querystring@1.1.2": {
        "integrity": "sha512-g6KuKWmFXc0fID8WWH0jit4g0AGBoJhCkJMb1RmbsSEUNvQ+ZC8D6CUZ+GtF8nMzSPXnhiePyyqqipzNNEnHjg==",
        "dependencies": {
          "fast-decode-uri-component": "fast-decode-uri-component@1.0.1"
        }
      },
      "fast-redact@3.3.0": {
        "integrity": "sha512-6T5V1QK1u4oF+ATxs1lWUmlEk6P2T9HqJG3e2DnHOdVgZy2rFJBoEnrIedcTXlkAHU/zKC+7KETJ+KGGKwxgMQ==",
        "dependencies": {}
      },
      "fast-uri@2.2.0": {
        "integrity": "sha512-cIusKBIt/R/oI6z/1nyfe2FvGKVTohVRfvkOhvx0nCEW+xf5NoCXjAHcWp93uOUBchzYcsvPlrapAdX1uW+YGg==",
        "dependencies": {}
      },
      "fastify@4.23.2": {
        "integrity": "sha512-WFSxsHES115svC7NrerNqZwwM0UOxbC/P6toT9LRHgAAFvG7o2AN5W+H4ihCtOGuYXjZf4z+2jXC89rVEoPWOA==",
        "dependencies": {
          "@fastify/ajv-compiler": "@fastify/ajv-compiler@3.5.0_ajv@8.12.0",
          "@fastify/error": "@fastify/error@3.3.0",
          "@fastify/fast-json-stringify-compiler": "@fastify/fast-json-stringify-compiler@4.3.0",
          "abstract-logging": "abstract-logging@2.0.1",
          "avvio": "avvio@8.2.1",
          "fast-content-type-parse": "fast-content-type-parse@1.1.0",
          "fast-json-stringify": "fast-json-stringify@5.8.0_ajv@8.12.0",
          "find-my-way": "find-my-way@7.6.2",
          "light-my-request": "light-my-request@5.11.0",
          "pino": "pino@8.15.1",
          "process-warning": "process-warning@2.2.0",
          "proxy-addr": "proxy-addr@2.0.7",
          "rfdc": "rfdc@1.3.0",
          "secure-json-parse": "secure-json-parse@2.7.0",
          "semver": "semver@7.5.4",
          "toad-cache": "toad-cache@3.2.0"
        }
      },
      "fastq@1.15.0": {
        "integrity": "sha512-wBrocU2LCXXa+lWBt8RoIRD89Fi8OdABODa/kEnyeyjS5aZO5/GNvI5sEINADqP/h8M29UHTHUb53sUu5Ihqdw==",
        "dependencies": {
          "reusify": "reusify@1.0.4"
        }
      },
      "find-my-way@7.6.2": {
        "integrity": "sha512-0OjHn1b1nCX3eVbm9ByeEHiscPYiHLfhei1wOUU9qffQkk98wE0Lo8VrVYfSGMgnSnDh86DxedduAnBf4nwUEw==",
        "dependencies": {
          "fast-deep-equal": "fast-deep-equal@3.1.3",
          "fast-querystring": "fast-querystring@1.1.2",
          "safe-regex2": "safe-regex2@2.0.0"
        }
      },
      "forwarded@0.2.0": {
        "integrity": "sha512-buRG0fpBtRHSTCOASe6hD258tEubFoRLb4ZNA6NxMVHNw2gOcwHo9wyablzMzOA5z9xA9L1KNjk/Nt6MT9aYow==",
        "dependencies": {}
      },
      "http-status-codes@2.3.0": {
        "integrity": "sha512-RJ8XvFvpPM/Dmc5SV+dC4y5PCeOhT3x1Hq0NU3rjGeg5a/CqlhZ7uudknPwZFz4aeAXDcbAyaeP7GAo9lvngtA==",
        "dependencies": {}
      },
      "ieee754@1.2.1": {
        "integrity": "sha512-dcyqhDvX1C46lXZcVqCpK+FtMRQVdIMN6/Df5js2zouUsqG7I6sFxitIC+7KYK29KdXOLHdu9zL4sFnoVQnqaA==",
        "dependencies": {}
      },
      "ipaddr.js@1.9.1": {
        "integrity": "sha512-0KI/607xoxSToH7GjN1FfSbLoU0+btTicjsQSWQlh/hZykN8KpmMf7uYwPW3R+akZ6R/w18ZlXSHBYXiYUPO3g==",
        "dependencies": {}
      },
      "json-schema-traverse@1.0.0": {
        "integrity": "sha512-NM8/P9n3XjXhIZn1lLhkFaACTOURQXjWhV4BA/RnOv8xvgqtqpAX9IO4mRQxSx1Rlo4tqzeqb0sOlruaOy3dug==",
        "dependencies": {}
      },
      "light-my-request@5.11.0": {
        "integrity": "sha512-qkFCeloXCOMpmEdZ/MV91P8AT4fjwFXWaAFz3lUeStM8RcoM1ks4J/F8r1b3r6y/H4u3ACEJ1T+Gv5bopj7oDA==",
        "dependencies": {
          "cookie": "cookie@0.5.0",
          "process-warning": "process-warning@2.2.0",
          "set-cookie-parser": "set-cookie-parser@2.6.0"
        }
      },
      "lru-cache@6.0.0": {
        "integrity": "sha512-Jo6dJ04CmSjuznwJSS3pUeWmd/H0ffTlkXXgwZi+eq1UCmqQwCh+eLsYOYCwY991i2Fah4h1BEMCx4qThGbsiA==",
        "dependencies": {
          "yallist": "yallist@4.0.0"
        }
      },
      "ms@2.1.2": {
        "integrity": "sha512-sGkPx+VjMtmA6MX27oA4FBFELFCZZ4S4XqeGOXCv68tT+jb3vk/RyaKWP0PTKyWtmLSM0b+adUTEvbs1PEaH2w==",
        "dependencies": {}
      },
      "on-exit-leak-free@2.1.0": {
        "integrity": "sha512-VuCaZZAjReZ3vUwgOB8LxAosIurDiAW0s13rI1YwmaP++jvcxP77AWoQvenZebpCA2m8WC1/EosPYPMjnRAp/w==",
        "dependencies": {}
      },
      "oxide.ts@1.1.0": {
        "integrity": "sha512-+MkqFRQVHEe/x4/cJ6KuYz2m2VpnoBi7aKLbttGYTxmpNZalQ2RbKH2HxyfsTqXJhjh9DYxulPWfQV/hWMmzCg==",
        "dependencies": {}
      },
      "pino-abstract-transport@1.1.0": {
        "integrity": "sha512-lsleG3/2a/JIWUtf9Q5gUNErBqwIu1tUKTT3dUzaf5DySw9ra1wcqKjJjLX1VTY64Wk1eEOYsVGSaGfCK85ekA==",
        "dependencies": {
          "readable-stream": "readable-stream@4.4.2",
          "split2": "split2@4.2.0"
        }
      },
      "pino-std-serializers@6.2.2": {
        "integrity": "sha512-cHjPPsE+vhj/tnhCy/wiMh3M3z3h/j15zHQX+S9GkTBgqJuTuJzYJ4gUyACLhDaJ7kk9ba9iRDmbH2tJU03OiA==",
        "dependencies": {}
      },
      "pino@8.15.1": {
        "integrity": "sha512-Cp4QzUQrvWCRJaQ8Lzv0mJzXVk4z2jlq8JNKMGaixC2Pz5L4l2p95TkuRvYbrEbe85NQsDKrAd4zalf7Ml6WiA==",
        "dependencies": {
          "atomic-sleep": "atomic-sleep@1.0.0",
          "fast-redact": "fast-redact@3.3.0",
          "on-exit-leak-free": "on-exit-leak-free@2.1.0",
          "pino-abstract-transport": "pino-abstract-transport@1.1.0",
          "pino-std-serializers": "pino-std-serializers@6.2.2",
          "process-warning": "process-warning@2.2.0",
          "quick-format-unescaped": "quick-format-unescaped@4.0.4",
          "real-require": "real-require@0.2.0",
          "safe-stable-stringify": "safe-stable-stringify@2.4.3",
          "sonic-boom": "sonic-boom@3.3.0",
          "thread-stream": "thread-stream@2.4.0"
        }
      },
      "process-warning@2.2.0": {
        "integrity": "sha512-/1WZ8+VQjR6avWOgHeEPd7SDQmFQ1B5mC1eRXsCm5TarlNmx/wCsa5GEaxGm05BORRtyG/Ex/3xq3TuRvq57qg==",
        "dependencies": {}
      },
      "process@0.11.10": {
        "integrity": "sha512-cdGef/drWFoydD1JsMzuFf8100nZl+GT+yacc2bEced5f9Rjk4z+WtFUTBu9PhOi9j/jfmBPu0mMEY4wIdAF8A==",
        "dependencies": {}
      },
      "proxy-addr@2.0.7": {
        "integrity": "sha512-llQsMLSUDUPT44jdrU/O37qlnifitDP+ZwrmmZcoSKyLKvtZxpyV0n2/bD/N4tBAAZ/gJEdZU7KMraoK1+XYAg==",
        "dependencies": {
          "forwarded": "forwarded@0.2.0",
          "ipaddr.js": "ipaddr.js@1.9.1"
        }
      },
      "punycode@2.3.0": {
        "integrity": "sha512-rRV+zQD8tVFys26lAGR9WUuS4iUAngJScM+ZRSKtvl5tKeZ2t5bvdNFdNHBW9FWR4guGHlgmsZ1G7BSm2wTbuA==",
        "dependencies": {}
      },
      "quick-format-unescaped@4.0.4": {
        "integrity": "sha512-tYC1Q1hgyRuHgloV/YXs2w15unPVh8qfu/qCTfhTYamaw7fyhumKa2yGpdSo87vY32rIclj+4fWYQXUMs9EHvg==",
        "dependencies": {}
      },
      "readable-stream@4.4.2": {
        "integrity": "sha512-Lk/fICSyIhodxy1IDK2HazkeGjSmezAWX2egdtJnYhtzKEsBPJowlI6F6LPb5tqIQILrMbx22S5o3GuJavPusA==",
        "dependencies": {
          "abort-controller": "abort-controller@3.0.0",
          "buffer": "buffer@6.0.3",
          "events": "events@3.3.0",
          "process": "process@0.11.10",
          "string_decoder": "string_decoder@1.3.0"
        }
      },
      "real-require@0.2.0": {
        "integrity": "sha512-57frrGM/OCTLqLOAh0mhVA9VBMHd+9U7Zb2THMGdBUoZVOtGbJzjxsYGDJ3A9AYYCP4hn6y1TVbaOfzWtm5GFg==",
        "dependencies": {}
      },
      "require-from-string@2.0.2": {
        "integrity": "sha512-Xf0nWe6RseziFMu+Ap9biiUbmplq6S9/p+7w7YXP/JBHhrUDDUhwa+vANyubuqfZWTveU//DYVGsDG7RKL/vEw==",
        "dependencies": {}
      },
      "ret@0.2.2": {
        "integrity": "sha512-M0b3YWQs7R3Z917WRQy1HHA7Ba7D8hvZg6UE5mLykJxQVE2ju0IXbGlaHPPlkY+WN7wFP+wUMXmBFA0aV6vYGQ==",
        "dependencies": {}
      },
      "reusify@1.0.4": {
        "integrity": "sha512-U9nH88a3fc/ekCF1l0/UP1IosiuIjyTh7hBvXVMHYgVcfGvt897Xguj2UOLDeI5BG2m7/uwyaLVT6fbtCwTyzw==",
        "dependencies": {}
      },
      "rfdc@1.3.0": {
        "integrity": "sha512-V2hovdzFbOi77/WajaSMXk2OLm+xNIeQdMMuB7icj7bk6zi2F8GGAxigcnDFpJHbNyNcgyJDiP+8nOrY5cZGrA==",
        "dependencies": {}
      },
      "safe-buffer@5.2.1": {
        "integrity": "sha512-rp3So07KcdmmKbGvgaNxQSJr7bGVSVk5S9Eq1F+ppbRo70+YeaDxkw5Dd8NPN+GD6bjnYm2VuPuCXmpuYvmCXQ==",
        "dependencies": {}
      },
      "safe-regex2@2.0.0": {
        "integrity": "sha512-PaUSFsUaNNuKwkBijoAPHAK6/eM6VirvyPWlZ7BAQy4D+hCvh4B6lIG+nPdhbFfIbP+gTGBcrdsOaUs0F+ZBOQ==",
        "dependencies": {
          "ret": "ret@0.2.2"
        }
      },
      "safe-stable-stringify@2.4.3": {
        "integrity": "sha512-e2bDA2WJT0wxseVd4lsDP4+3ONX6HpMXQa1ZhFQ7SU+GjvORCmShbCMltrtIDfkYhVHrOcPtj+KhmDBdPdZD1g==",
        "dependencies": {}
      },
      "secure-json-parse@2.7.0": {
        "integrity": "sha512-6aU+Rwsezw7VR8/nyvKTx8QpWH9FrcYiXXlqC4z5d5XQBDRqtbfsRjnwGyqbi3gddNtWHuEk9OANUotL26qKUw==",
        "dependencies": {}
      },
      "semver@7.5.4": {
        "integrity": "sha512-1bCSESV6Pv+i21Hvpxp3Dx+pSD8lIPt8uVjRrxAUt/nbswYc+tK6Y2btiULjd4+fnq15PX+nqQDC7Oft7WkwcA==",
        "dependencies": {
          "lru-cache": "lru-cache@6.0.0"
        }
      },
      "set-cookie-parser@2.6.0": {
        "integrity": "sha512-RVnVQxTXuerk653XfuliOxBP81Sf0+qfQE73LIYKcyMYHG94AuH0kgrQpRDuTZnSmjpysHmzxJXKNfa6PjFhyQ==",
        "dependencies": {}
      },
      "sonic-boom@3.3.0": {
        "integrity": "sha512-LYxp34KlZ1a2Jb8ZQgFCK3niIHzibdwtwNUWKg0qQRzsDoJ3Gfgkf8KdBTFU3SkejDEIlWwnSnpVdOZIhFMl/g==",
        "dependencies": {
          "atomic-sleep": "atomic-sleep@1.0.0"
        }
      },
      "split2@4.2.0": {
        "integrity": "sha512-UcjcJOWknrNkF6PLX83qcHM6KHgVKNkV62Y8a5uYDVv9ydGQVwAHMKqHdJje1VTWpljG0WYpCDhrCdAOYH4TWg==",
        "dependencies": {}
      },
      "string_decoder@1.3.0": {
        "integrity": "sha512-hkRX8U1WjJFd8LsDJ2yQ/wWWxaopEsABU1XfkM8A+j0+85JAGppt16cr1Whg6KIbb4okU6Mql6BOj+uup/wKeA==",
        "dependencies": {
          "safe-buffer": "safe-buffer@5.2.1"
        }
      },
      "thread-stream@2.4.0": {
        "integrity": "sha512-xZYtOtmnA63zj04Q+F9bdEay5r47bvpo1CaNqsKi7TpoJHcotUez8Fkfo2RJWpW91lnnaApdpRbVwCWsy+ifcw==",
        "dependencies": {
          "real-require": "real-require@0.2.0"
        }
      },
      "toad-cache@3.2.0": {
        "integrity": "sha512-Hj5zSqBS6OHbZoQk9IU8VqIr+0JUpwzunnwSlFJhG8aJSInYUMEuzItl3kJsGteTPd1qtflafdRHlRtUazYeqg==",
        "dependencies": {}
      },
      "uri-js@4.4.1": {
        "integrity": "sha512-7rKUyy33Q1yc98pQ1DAmLtwX109F7TIfWlW1Ydo8Wl1ii1SeHieeh0HHfPeL2fMXK6z0s8ecKs9frCuLJvndBg==",
        "dependencies": {
          "punycode": "punycode@2.3.0"
        }
      },
      "yallist@4.0.0": {
        "integrity": "sha512-3wdGidZyq5PB084XLES5TpOSRA3wjXAlIWMhum2kRcv/41Sn2emQ0dycQW4uZXLejwKvg6EsvbdlVL+FYEct7A==",
        "dependencies": {}
      },
      "zod@3.22.2": {
        "integrity": "sha512-wvWkphh5WQsJbVk1tbx1l1Ly4yg+XecD+Mq280uBGt9wa5BKSWf4Mhp6GmrkPixhMxmabYY7RbzlwVP32pbGCg==",
        "dependencies": {}
      }
    }
  },
  "redirects": {
    "https://esm.sh/v131/@types/lodash-es@~4.17/index.d.ts": "https://esm.sh/v131/@types/lodash-es@4.17.8/index.d.ts",
    "https://esm.sh/v131/@types/lodash@4.14.197/index": "https://esm.sh/v131/@types/lodash@4.14.197/index~.d.ts"
  },
  "remote": {
    "https://deno.land/std@0.142.0/_util/assert.ts": "e94f2eb37cebd7f199952e242c77654e43333c1ac4c5c700e929ea3aa5489f74",
    "https://deno.land/std@0.142.0/async/deferred.ts": "bc18e28108252c9f67dfca2bbc4587c3cbf3aeb6e155f8c864ca8ecff992b98a",
    "https://deno.land/std@0.142.0/async/delay.ts": "cbbdf1c87d1aed8edc7bae13592fb3e27e3106e0748f089c263390d4f49e5f6c",
    "https://deno.land/std@0.142.0/bytes/bytes_list.ts": "aba5e2369e77d426b10af1de0dcc4531acecec27f9b9056f4f7bfbf8ac147ab4",
    "https://deno.land/std@0.142.0/bytes/equals.ts": "fc16dff2090cced02497f16483de123dfa91e591029f985029193dfaa9d894c9",
    "https://deno.land/std@0.142.0/bytes/mod.ts": "763f97d33051cc3f28af1a688dfe2830841192a9fea0cbaa55f927b49d49d0bf",
    "https://deno.land/std@0.142.0/io/buffer.ts": "bd0c4bf53db4b4be916ca5963e454bddfd3fcd45039041ea161dbf826817822b",
    "https://deno.land/std@0.142.0/io/types.d.ts": "01f60ae7ec02675b5dbed150d258fc184a78dfe5c209ef53ba4422b46b58822c",
    "https://deno.land/std@0.162.0/_util/assert.ts": "e94f2eb37cebd7f199952e242c77654e43333c1ac4c5c700e929ea3aa5489f74",
    "https://deno.land/std@0.162.0/async/deferred.ts": "d8fb253ffde2a056e4889ef7e90f3928f28be9f9294b6505773d33f136aab4e6",
    "https://deno.land/std@0.162.0/async/delay.ts": "0419dfc993752849692d1f9647edf13407c7facc3509b099381be99ffbc9d699",
    "https://deno.land/std@0.162.0/bytes/bytes_list.ts": "aba5e2369e77d426b10af1de0dcc4531acecec27f9b9056f4f7bfbf8ac147ab4",
    "https://deno.land/std@0.162.0/bytes/equals.ts": "3c3558c3ae85526f84510aa2b48ab2ad7bdd899e2e0f5b7a8ffc85acb3a6043a",
    "https://deno.land/std@0.162.0/bytes/mod.ts": "b2e342fd3669176a27a4e15061e9d588b89c1aaf5008ab71766e23669565d179",
    "https://deno.land/std@0.162.0/io/buffer.ts": "fae02290f52301c4e0188670e730cd902f9307fb732d79c4aa14ebdc82497289",
    "https://deno.land/std@0.162.0/io/types.d.ts": "107e1e64834c5ba917c783f446b407d33432c5d612c4b3430df64fc2b4ecf091",
    "https://deno.land/std@0.162.0/uuid/_common.ts": "b608b98503c701d96ddf6983a40fa424952e1ea6d4b13bf13ebe29530742cee4",
    "https://deno.land/std@0.162.0/uuid/mod.ts": "e57ba10200d75f2b17570f13eba19faa6734b1be2da5091e2c01039df41274a5",
    "https://deno.land/std@0.162.0/uuid/v1.ts": "7123410ef9ce980a4f2e54a586ccde5ed7063f6f119a70d86eebd92f8e100295",
    "https://deno.land/std@0.162.0/uuid/v4.ts": "3e983c6ac895ea2a7ba03da927a2438fe1c26ac43fb38dc44f2f8aa50c23cb53",
    "https://deno.land/std@0.162.0/uuid/v5.ts": "43973aeda44ad212f2ec9b8d6c042b74d5cef4ce583d6aa6fc4cdb339344c74c",
    "https://deno.land/x/redis@v0.26.0/backoff.ts": "33e4a6e245f8743fbae0ce583993a671a3ac2ecee433a3e7f0bd77b5dd541d84",
    "https://deno.land/x/redis@v0.26.0/command.ts": "1b49e8215941e53c61c7b9d408a57f54e8774263170f9a179c96e98f6e200453",
    "https://deno.land/x/redis@v0.26.0/connection.ts": "c31d2e0cb360bc641e7286f1d53cf58790fbcda025c06887f84a821f39d0fdff",
    "https://deno.land/x/redis@v0.26.0/errors.ts": "bc8f7091cb9f36cdd31229660e0139350b02c26851e3ac69d592c066745feb27",
    "https://deno.land/x/redis@v0.26.0/executor.ts": "03e5f43df4e0c9c62b0e1be778811d45b6a1966ddf406e21ed5a227af70b7183",
    "https://deno.land/x/redis@v0.26.0/mod.ts": "c6bc7a62be64b671a434eb79f33b467bd0528ca07bcb48cc7891bd2df45f7f92",
    "https://deno.land/x/redis@v0.26.0/pipeline.ts": "80cc26a881149264d51dd019f1044c4ec9012399eca9f516057dc81c9b439370",
    "https://deno.land/x/redis@v0.26.0/protocol/_util.ts": "0525f7f444a96b92cd36423abdfe221f8d8de4a018dc5cb6750a428a5fc897c2",
    "https://deno.land/x/redis@v0.26.0/protocol/command.ts": "b1efd3b62fe5d1230e6d96b5c65ba7de1592a1eda2cc927161e5997a15f404ac",
    "https://deno.land/x/redis@v0.26.0/protocol/mod.ts": "f2601df31d8adc71785b5d19f6a7e43dfce94adbb6735c4dafc1fb129169d11a",
    "https://deno.land/x/redis@v0.26.0/protocol/reply.ts": "0876abb08f5740f5f8d62b5b6b96d80d49f54938afff1558615e5f1a05b8783e",
    "https://deno.land/x/redis@v0.26.0/protocol/types.ts": "baadd6841901dda08d3e357b375d4c25d80b30fbdd81f43fd11089f8a23832ff",
    "https://deno.land/x/redis@v0.26.0/pubsub.ts": "03d9624a8bc071891fb21b29624be0d60875fbd6ef06d5c71d96d778c9ab44ae",
    "https://deno.land/x/redis@v0.26.0/redis.ts": "53f9ada525a36ec487232f912789ffa181068d8a9209958bb6dc0b521fee9b1f",
    "https://deno.land/x/redis@v0.26.0/stream.ts": "fcbb29932755cdeb30e7f451bf3aa8d49b5df2c3897e1a4aaa25b210f0e865a2",
    "https://deno.land/x/redis@v0.26.0/vendor/https/deno.land/std/async/deferred.ts": "d8a492d7b141ef1721b1ed0745e51c867b572e6bba1238011130d07ff973582b",
    "https://deno.land/x/redis@v0.26.0/vendor/https/deno.land/std/async/delay.ts": "e324e793554896ff649731073b5d580c90ccd3baa88497d92c5ac2485967e32f",
    "https://deno.land/x/redis@v0.26.0/vendor/https/deno.land/std/io/buffer.ts": "6f36c74f0fce64250c85c0b18621a9316efd70e6dfa910b905c3347d0ee6dd02",
    "https://deno.land/x/redis@v0.27.3/backoff.ts": "33e4a6e245f8743fbae0ce583993a671a3ac2ecee433a3e7f0bd77b5dd541d84",
    "https://deno.land/x/redis@v0.27.3/command.ts": "9d1a679821c9065298fc2b8831b6532605426259b17a1f9d41ee9219180244c7",
    "https://deno.land/x/redis@v0.27.3/connection.ts": "c31d2e0cb360bc641e7286f1d53cf58790fbcda025c06887f84a821f39d0fdff",
    "https://deno.land/x/redis@v0.27.3/errors.ts": "bc8f7091cb9f36cdd31229660e0139350b02c26851e3ac69d592c066745feb27",
    "https://deno.land/x/redis@v0.27.3/executor.ts": "03e5f43df4e0c9c62b0e1be778811d45b6a1966ddf406e21ed5a227af70b7183",
    "https://deno.land/x/redis@v0.27.3/mod.ts": "20908f005f5c102525ce6aa9261648c95c5f61c6cf782b2cbb2fce88b1220f69",
    "https://deno.land/x/redis@v0.27.3/pipeline.ts": "80cc26a881149264d51dd019f1044c4ec9012399eca9f516057dc81c9b439370",
    "https://deno.land/x/redis@v0.27.3/protocol/_util.ts": "0525f7f444a96b92cd36423abdfe221f8d8de4a018dc5cb6750a428a5fc897c2",
    "https://deno.land/x/redis@v0.27.3/protocol/command.ts": "b1efd3b62fe5d1230e6d96b5c65ba7de1592a1eda2cc927161e5997a15f404ac",
    "https://deno.land/x/redis@v0.27.3/protocol/mod.ts": "f2601df31d8adc71785b5d19f6a7e43dfce94adbb6735c4dafc1fb129169d11a",
    "https://deno.land/x/redis@v0.27.3/protocol/reply.ts": "925a7c0d585bcd120a2b926a7955c69318fd371f403027866cb901d960bd3fb1",
    "https://deno.land/x/redis@v0.27.3/protocol/types.ts": "6bf515b69712dfd4ab45caf1d0054b8fcdd6e1afb55b2bd9a221e9ecb066f658",
    "https://deno.land/x/redis@v0.27.3/pubsub.ts": "03d9624a8bc071891fb21b29624be0d60875fbd6ef06d5c71d96d778c9ab44ae",
    "https://deno.land/x/redis@v0.27.3/redis.ts": "a7124077920b84e6cfa230fb6ee9259dc7acfb7fd1bcf6c57219210c7dd1022e",
    "https://deno.land/x/redis@v0.27.3/stream.ts": "f116d73cfe04590ff9fa8a3c08be8ff85219d902ef2f6929b8c1e88d92a07810",
    "https://deno.land/x/redis@v0.27.3/vendor/https/deno.land/std/async/deferred.ts": "f0ae1d1a752d82a8c7b04ef7599e470b82dfe0b5bfa1c30efbd81ec629208a11",
    "https://deno.land/x/redis@v0.27.3/vendor/https/deno.land/std/async/delay.ts": "dfada19b221a41177fb0a0b7b579c29b3da88ffa34fe90631472a6b8ac05a235",
    "https://deno.land/x/redis@v0.27.3/vendor/https/deno.land/std/io/buffer.ts": "fe14daa7deb1b98d5c87be349394bb14627b98adfbb1cad55cfe06e443e8cc74",
    "https://esm.sh/@paralleldrive/cuid2@2.2.2": "bf9f114b798f5984be0831330b4a4b91959071001c3f26bc3c0f050d2ecfb0c7",
    "https://esm.sh/http-status-codes@2.3.0": "a338afbf0e0b71e4f383607eff37d03317698a030d872cbb1f17b86f32e33976",
    "https://esm.sh/lodash-es@4.17.21": "de1306e13b0b2562c2bb522b16031bc89443a4063435cd6ad4bf901cb6437a1a",
    "https://esm.sh/v130/@noble/hashes@1.3.1/denonext/_assert.js": "d22dfffef44f75a84f61b9cedac204d6d39d6ccb14fc489e81bb9ab68de5f1c7",
    "https://esm.sh/v130/@noble/hashes@1.3.1/denonext/crypto.js": "e5093e778286b86d71d5ebafa091b754ed5e1320e74dcd5f5b47088b8269eb2b",
    "https://esm.sh/v130/@noble/hashes@1.3.1/denonext/sha3.js": "1e36a7667723a485763c3d1d37301899cc3c770f888e8b30545c8279df1dcd58",
    "https://esm.sh/v130/@noble/hashes@1.3.1/denonext/utils.js": "73a8798f9f966ea13f25d76fd606649138b0150fec6943a077bb95bc32471ab3",
    "https://esm.sh/v130/@paralleldrive/cuid2@2.2.2/denonext/cuid2.mjs": "07ea615a7fa006c74e33955506d559a36ab972e0274574d991acc29ad6bac3a8",
    "https://esm.sh/v131/lodash-es@4.17.21/deno/lodash-es.mjs": "1003c417236e31cfdec344679c1658b1ed2c2a388d5520eb7a97b29166164ecd",
    "https://esm.sh/v132/http-status-codes@2.3.0/denonext/http-status-codes.mjs": "04299091e8d899a763602b2dc7f05ec9941e21a0dc2b2a31dc1ded11e94da79e"
  }
}
