{
  "version": "2",
  "remote": {
    "https://deno.land/std@0.142.0/_util/assert.ts": "e94f2eb37cebd7f199952e242c77654e43333c1ac4c5c700e929ea3aa5489f74",
    "https://deno.land/std@0.142.0/async/deferred.ts": "bc18e28108252c9f67dfca2bbc4587c3cbf3aeb6e155f8c864ca8ecff992b98a",
    "https://deno.land/std@0.142.0/async/delay.ts": "cbbdf1c87d1aed8edc7bae13592fb3e27e3106e0748f089c263390d4f49e5f6c",
    "https://deno.land/std@0.142.0/bytes/bytes_list.ts": "aba5e2369e77d426b10af1de0dcc4531acecec27f9b9056f4f7bfbf8ac147ab4",
    "https://deno.land/std@0.142.0/bytes/equals.ts": "fc16dff2090cced02497f16483de123dfa91e591029f985029193dfaa9d894c9",
    "https://deno.land/std@0.142.0/bytes/mod.ts": "763f97d33051cc3f28af1a688dfe2830841192a9fea0cbaa55f927b49d49d0bf",
    "https://deno.land/std@0.142.0/io/buffer.ts": "bd0c4bf53db4b4be916ca5963e454bddfd3fcd45039041ea161dbf826817822b",
    "https://deno.land/std@0.142.0/io/types.d.ts": "01f60ae7ec02675b5dbed150d258fc184a78dfe5c209ef53ba4422b46b58822c",
    "https://deno.land/std@0.162.0/_util/assert.ts": "e94f2eb37cebd7f199952e242c77654e43333c1ac4c5c700e929ea3aa5489f74",
    "https://deno.land/std@0.162.0/async/deferred.ts": "d8fb253ffde2a056e4889ef7e90f3928f28be9f9294b6505773d33f136aab4e6",
    "https://deno.land/std@0.162.0/async/delay.ts": "0419dfc993752849692d1f9647edf13407c7facc3509b099381be99ffbc9d699",
    "https://deno.land/std@0.162.0/bytes/bytes_list.ts": "aba5e2369e77d426b10af1de0dcc4531acecec27f9b9056f4f7bfbf8ac147ab4",
    "https://deno.land/std@0.162.0/bytes/equals.ts": "3c3558c3ae85526f84510aa2b48ab2ad7bdd899e2e0f5b7a8ffc85acb3a6043a",
    "https://deno.land/std@0.162.0/bytes/mod.ts": "b2e342fd3669176a27a4e15061e9d588b89c1aaf5008ab71766e23669565d179",
    "https://deno.land/std@0.162.0/io/buffer.ts": "fae02290f52301c4e0188670e730cd902f9307fb732d79c4aa14ebdc82497289",
    "https://deno.land/std@0.162.0/io/types.d.ts": "107e1e64834c5ba917c783f446b407d33432c5d612c4b3430df64fc2b4ecf091",
    "https://deno.land/std@0.162.0/uuid/_common.ts": "b608b98503c701d96ddf6983a40fa424952e1ea6d4b13bf13ebe29530742cee4",
    "https://deno.land/std@0.162.0/uuid/mod.ts": "e57ba10200d75f2b17570f13eba19faa6734b1be2da5091e2c01039df41274a5",
    "https://deno.land/std@0.162.0/uuid/v1.ts": "7123410ef9ce980a4f2e54a586ccde5ed7063f6f119a70d86eebd92f8e100295",
    "https://deno.land/std@0.162.0/uuid/v4.ts": "3e983c6ac895ea2a7ba03da927a2438fe1c26ac43fb38dc44f2f8aa50c23cb53",
    "https://deno.land/std@0.162.0/uuid/v5.ts": "43973aeda44ad212f2ec9b8d6c042b74d5cef4ce583d6aa6fc4cdb339344c74c",
    "https://deno.land/x/redis@v0.26.0/backoff.ts": "33e4a6e245f8743fbae0ce583993a671a3ac2ecee433a3e7f0bd77b5dd541d84",
    "https://deno.land/x/redis@v0.26.0/command.ts": "1b49e8215941e53c61c7b9d408a57f54e8774263170f9a179c96e98f6e200453",
    "https://deno.land/x/redis@v0.26.0/connection.ts": "c31d2e0cb360bc641e7286f1d53cf58790fbcda025c06887f84a821f39d0fdff",
    "https://deno.land/x/redis@v0.26.0/errors.ts": "bc8f7091cb9f36cdd31229660e0139350b02c26851e3ac69d592c066745feb27",
    "https://deno.land/x/redis@v0.26.0/executor.ts": "03e5f43df4e0c9c62b0e1be778811d45b6a1966ddf406e21ed5a227af70b7183",
    "https://deno.land/x/redis@v0.26.0/mod.ts": "c6bc7a62be64b671a434eb79f33b467bd0528ca07bcb48cc7891bd2df45f7f92",
    "https://deno.land/x/redis@v0.26.0/pipeline.ts": "80cc26a881149264d51dd019f1044c4ec9012399eca9f516057dc81c9b439370",
    "https://deno.land/x/redis@v0.26.0/protocol/_util.ts": "0525f7f444a96b92cd36423abdfe221f8d8de4a018dc5cb6750a428a5fc897c2",
    "https://deno.land/x/redis@v0.26.0/protocol/command.ts": "b1efd3b62fe5d1230e6d96b5c65ba7de1592a1eda2cc927161e5997a15f404ac",
    "https://deno.land/x/redis@v0.26.0/protocol/mod.ts": "f2601df31d8adc71785b5d19f6a7e43dfce94adbb6735c4dafc1fb129169d11a",
    "https://deno.land/x/redis@v0.26.0/protocol/reply.ts": "0876abb08f5740f5f8d62b5b6b96d80d49f54938afff1558615e5f1a05b8783e",
    "https://deno.land/x/redis@v0.26.0/protocol/types.ts": "baadd6841901dda08d3e357b375d4c25d80b30fbdd81f43fd11089f8a23832ff",
    "https://deno.land/x/redis@v0.26.0/pubsub.ts": "03d9624a8bc071891fb21b29624be0d60875fbd6ef06d5c71d96d778c9ab44ae",
    "https://deno.land/x/redis@v0.26.0/redis.ts": "53f9ada525a36ec487232f912789ffa181068d8a9209958bb6dc0b521fee9b1f",
    "https://deno.land/x/redis@v0.26.0/stream.ts": "fcbb29932755cdeb30e7f451bf3aa8d49b5df2c3897e1a4aaa25b210f0e865a2",
    "https://deno.land/x/redis@v0.26.0/vendor/https/deno.land/std/async/deferred.ts": "d8a492d7b141ef1721b1ed0745e51c867b572e6bba1238011130d07ff973582b",
    "https://deno.land/x/redis@v0.26.0/vendor/https/deno.land/std/async/delay.ts": "e324e793554896ff649731073b5d580c90ccd3baa88497d92c5ac2485967e32f",
    "https://deno.land/x/redis@v0.26.0/vendor/https/deno.land/std/io/buffer.ts": "6f36c74f0fce64250c85c0b18621a9316efd70e6dfa910b905c3347d0ee6dd02",
    "https://deno.land/x/redis@v0.27.3/backoff.ts": "33e4a6e245f8743fbae0ce583993a671a3ac2ecee433a3e7f0bd77b5dd541d84",
    "https://deno.land/x/redis@v0.27.3/command.ts": "9d1a679821c9065298fc2b8831b6532605426259b17a1f9d41ee9219180244c7",
    "https://deno.land/x/redis@v0.27.3/connection.ts": "c31d2e0cb360bc641e7286f1d53cf58790fbcda025c06887f84a821f39d0fdff",
    "https://deno.land/x/redis@v0.27.3/errors.ts": "bc8f7091cb9f36cdd31229660e0139350b02c26851e3ac69d592c066745feb27",
    "https://deno.land/x/redis@v0.27.3/executor.ts": "03e5f43df4e0c9c62b0e1be778811d45b6a1966ddf406e21ed5a227af70b7183",
    "https://deno.land/x/redis@v0.27.3/mod.ts": "20908f005f5c102525ce6aa9261648c95c5f61c6cf782b2cbb2fce88b1220f69",
    "https://deno.land/x/redis@v0.27.3/pipeline.ts": "80cc26a881149264d51dd019f1044c4ec9012399eca9f516057dc81c9b439370",
    "https://deno.land/x/redis@v0.27.3/protocol/_util.ts": "0525f7f444a96b92cd36423abdfe221f8d8de4a018dc5cb6750a428a5fc897c2",
    "https://deno.land/x/redis@v0.27.3/protocol/command.ts": "b1efd3b62fe5d1230e6d96b5c65ba7de1592a1eda2cc927161e5997a15f404ac",
    "https://deno.land/x/redis@v0.27.3/protocol/mod.ts": "f2601df31d8adc71785b5d19f6a7e43dfce94adbb6735c4dafc1fb129169d11a",
    "https://deno.land/x/redis@v0.27.3/protocol/reply.ts": "925a7c0d585bcd120a2b926a7955c69318fd371f403027866cb901d960bd3fb1",
    "https://deno.land/x/redis@v0.27.3/protocol/types.ts": "6bf515b69712dfd4ab45caf1d0054b8fcdd6e1afb55b2bd9a221e9ecb066f658",
    "https://deno.land/x/redis@v0.27.3/pubsub.ts": "03d9624a8bc071891fb21b29624be0d60875fbd6ef06d5c71d96d778c9ab44ae",
    "https://deno.land/x/redis@v0.27.3/redis.ts": "a7124077920b84e6cfa230fb6ee9259dc7acfb7fd1bcf6c57219210c7dd1022e",
    "https://deno.land/x/redis@v0.27.3/stream.ts": "f116d73cfe04590ff9fa8a3c08be8ff85219d902ef2f6929b8c1e88d92a07810",
    "https://deno.land/x/redis@v0.27.3/vendor/https/deno.land/std/async/deferred.ts": "f0ae1d1a752d82a8c7b04ef7599e470b82dfe0b5bfa1c30efbd81ec629208a11",
    "https://deno.land/x/redis@v0.27.3/vendor/https/deno.land/std/async/delay.ts": "dfada19b221a41177fb0a0b7b579c29b3da88ffa34fe90631472a6b8ac05a235",
    "https://deno.land/x/redis@v0.27.3/vendor/https/deno.land/std/io/buffer.ts": "fe14daa7deb1b98d5c87be349394bb14627b98adfbb1cad55cfe06e443e8cc74"
  }
}
